// !$*UTF8*$!
{
	archiveVersion = 1;
	classes = {
	};
	objectVersion = 50;
	objects = {

/* Begin PBXBuildFile section */
		03CDE9D321014A02007629AD /* NewsfeedCell.m in Sources */ = {isa = PBXBuildFile; fileRef = 03CDE9D221014A02007629AD /* NewsfeedCell.m */; };
		03CDE9D721024F11007629AD /* PostDetailVC.m in Sources */ = {isa = PBXBuildFile; fileRef = 03CDE9D621024F11007629AD /* PostDetailVC.m */; };
		03CDE9E021068B26007629AD /* NewsfeedSideMenuVC.m in Sources */ = {isa = PBXBuildFile; fileRef = 03CDE9DF21068B26007629AD /* NewsfeedSideMenuVC.m */; };
		03CDE9E32106A17F007629AD /* CMMStyles.m in Sources */ = {isa = PBXBuildFile; fileRef = 03CDE9E22106A17F007629AD /* CMMStyles.m */; };
		130A10AA2112BBC100AA1311 /* CMMKit.framework in Frameworks */ = {isa = PBXBuildFile; fileRef = 130A10A92112BBB800AA1311 /* CMMKit.framework */; };
		130A10AB2112BBC100AA1311 /* CMMKit.framework in Embed Frameworks */ = {isa = PBXBuildFile; fileRef = 130A10A92112BBB800AA1311 /* CMMKit.framework */; settings = {ATTRIBUTES = (CodeSignOnCopy, RemoveHeadersOnCopy, ); }; };
		136E305920FFC11A009B4180 /* CMMComposerVC.m in Sources */ = {isa = PBXBuildFile; fileRef = 136E305820FFC11A009B4180 /* CMMComposerVC.m */; };
		136E305C20FFFDD4009B4180 /* EventsCell.m in Sources */ = {isa = PBXBuildFile; fileRef = 136E305B20FFFDD3009B4180 /* EventsCell.m */; };
		136E3065210249CB009B4180 /* CMMEventDetailsVC.m in Sources */ = {isa = PBXBuildFile; fileRef = 136E3064210249CB009B4180 /* CMMEventDetailsVC.m */; };
		136E306721027E23009B4180 /* MapKit.framework in Frameworks */ = {isa = PBXBuildFile; fileRef = 136E306621027E21009B4180 /* MapKit.framework */; };
		136E306921027E2C009B4180 /* CoreLocation.framework in Frameworks */ = {isa = PBXBuildFile; fileRef = 136E306821027E2C009B4180 /* CoreLocation.framework */; };
		136E306C21064916009B4180 /* CMMEditProfileVC.m in Sources */ = {isa = PBXBuildFile; fileRef = 136E306B21064916009B4180 /* CMMEditProfileVC.m */; };
		136E306F21064ECA009B4180 /* ProfileCell.m in Sources */ = {isa = PBXBuildFile; fileRef = 136E306E21064ECA009B4180 /* ProfileCell.m */; };
		136E30712106A0A5009B4180 /* EventKit.framework in Frameworks */ = {isa = PBXBuildFile; fileRef = 136E30702106A0A5009B4180 /* EventKit.framework */; };
		136E307B2108EEF2009B4180 /* TopicsCollectionCell.m in Sources */ = {isa = PBXBuildFile; fileRef = 136E307A2108EEF2009B4180 /* TopicsCollectionCell.m */; };
		136E307E21092D73009B4180 /* CMMResourcesVC.m in Sources */ = {isa = PBXBuildFile; fileRef = 136E307D21092D73009B4180 /* CMMResourcesVC.m */; };
		2233AD3D2106AADE00F72593 /* CMMBubbleView.m in Sources */ = {isa = PBXBuildFile; fileRef = 2233AD3C2106AADE00F72593 /* CMMBubbleView.m */; };
		2256C0D2210996C500FE9422 /* CMMRegisterVC.m in Sources */ = {isa = PBXBuildFile; fileRef = 2256C0D1210996C500FE9422 /* CMMRegisterVC.m */; };
		228588D22101183C0087E455 /* CMMParseQueryManager.m in Sources */ = {isa = PBXBuildFile; fileRef = 228588D12101183C0087E455 /* CMMParseQueryManager.m */; };
		22F9EBEB20FEAEA9002ADD9D /* AppDelegate.m in Sources */ = {isa = PBXBuildFile; fileRef = 22F9EBEA20FEAEA9002ADD9D /* AppDelegate.m */; };
		22F9EBF420FEAEA9002ADD9D /* CMMApp.xcdatamodeld in Sources */ = {isa = PBXBuildFile; fileRef = 22F9EBF220FEAEA9002ADD9D /* CMMApp.xcdatamodeld */; };
		22F9EBF620FEAEAA002ADD9D /* Assets.xcassets in Resources */ = {isa = PBXBuildFile; fileRef = 22F9EBF520FEAEAA002ADD9D /* Assets.xcassets */; };
		22F9EBF920FEAEAA002ADD9D /* LaunchScreen.storyboard in Resources */ = {isa = PBXBuildFile; fileRef = 22F9EBF720FEAEAA002ADD9D /* LaunchScreen.storyboard */; };
		22F9EBFC20FEAEAA002ADD9D /* main.m in Sources */ = {isa = PBXBuildFile; fileRef = 22F9EBFB20FEAEAA002ADD9D /* main.m */; };
		22F9EC1120FEB055002ADD9D /* CMMEventAPIManager.m in Sources */ = {isa = PBXBuildFile; fileRef = 22F9EC1020FEB055002ADD9D /* CMMEventAPIManager.m */; };
		22F9EC1420FEB1EE002ADD9D /* CMMConversation.m in Sources */ = {isa = PBXBuildFile; fileRef = 22F9EC1320FEB1EE002ADD9D /* CMMConversation.m */; };
		22F9EC1720FEB21C002ADD9D /* CMMEvent.m in Sources */ = {isa = PBXBuildFile; fileRef = 22F9EC1620FEB21C002ADD9D /* CMMEvent.m */; };
		22F9EC1A20FEB256002ADD9D /* CMMMessage.m in Sources */ = {isa = PBXBuildFile; fileRef = 22F9EC1920FEB256002ADD9D /* CMMMessage.m */; };
		22F9EC1D20FEB289002ADD9D /* CMMPost.m in Sources */ = {isa = PBXBuildFile; fileRef = 22F9EC1C20FEB289002ADD9D /* CMMPost.m */; };
		22F9EC2020FEB2B2002ADD9D /* CMMUser.m in Sources */ = {isa = PBXBuildFile; fileRef = 22F9EC1F20FEB2B2002ADD9D /* CMMUser.m */; };
		22F9EC2320FEB2E0002ADD9D /* CMMVenue.m in Sources */ = {isa = PBXBuildFile; fileRef = 22F9EC2220FEB2E0002ADD9D /* CMMVenue.m */; };
		22F9EC2620FEB30E002ADD9D /* CMMVote.m in Sources */ = {isa = PBXBuildFile; fileRef = 22F9EC2520FEB30E002ADD9D /* CMMVote.m */; };
		22F9EC2920FEB600002ADD9D /* CMMInboxVC.m in Sources */ = {isa = PBXBuildFile; fileRef = 22F9EC2820FEB600002ADD9D /* CMMInboxVC.m */; };
		22F9EC2C20FEB618002ADD9D /* CMMNewsfeedVC.m in Sources */ = {isa = PBXBuildFile; fileRef = 22F9EC2B20FEB618002ADD9D /* CMMNewsfeedVC.m */; };
		22F9EC2F20FEB623002ADD9D /* CMMProfileVC.m in Sources */ = {isa = PBXBuildFile; fileRef = 22F9EC2E20FEB623002ADD9D /* CMMProfileVC.m */; };
		22F9EC3220FEB630002ADD9D /* CMMEventsVC.m in Sources */ = {isa = PBXBuildFile; fileRef = 22F9EC3120FEB630002ADD9D /* CMMEventsVC.m */; };
		22F9EC3520FEC2AF002ADD9D /* CMMVoteAPIManager.m in Sources */ = {isa = PBXBuildFile; fileRef = 22F9EC3420FEC2AF002ADD9D /* CMMVoteAPIManager.m */; };
		22F9EC3B20FEDB80002ADD9D /* CMMLoginVC.m in Sources */ = {isa = PBXBuildFile; fileRef = 22F9EC3A20FEDB80002ADD9D /* CMMLoginVC.m */; };
		22F9EC3E20FF06DC002ADD9D /* CMMMainTabBarVC.m in Sources */ = {isa = PBXBuildFile; fileRef = 22F9EC3D20FF06DC002ADD9D /* CMMMainTabBarVC.m */; };
		22F9EC4421000CA9002ADD9D /* CMMConversationCell.m in Sources */ = {isa = PBXBuildFile; fileRef = 22F9EC4321000CA9002ADD9D /* CMMConversationCell.m */; };
		22F9EC472100168F002ADD9D /* CMMChatVC.m in Sources */ = {isa = PBXBuildFile; fileRef = 22F9EC462100168F002ADD9D /* CMMChatVC.m */; };
		22F9EC4A21004F33002ADD9D /* CMMChatCell.m in Sources */ = {isa = PBXBuildFile; fileRef = 22F9EC4921004F33002ADD9D /* CMMChatCell.m */; };
		58CAD9A28C1D5F2665E78B76 /* libPods-CMMApp.a in Frameworks */ = {isa = PBXBuildFile; fileRef = 42343A9FCBEA5767CBCBBB45 /* libPods-CMMApp.a */; };
/* End PBXBuildFile section */

/* Begin PBXContainerItemProxy section */
		130A10A82112BBB800AA1311 /* PBXContainerItemProxy */ = {
			isa = PBXContainerItemProxy;
			containerPortal = 130A10A42112BBB800AA1311 /* CMMKit.xcodeproj */;
			proxyType = 2;
			remoteGlobalIDString = 136E30AB210A4C66009B4180;
			remoteInfo = CMMKit;
		};
		130A10AC2112BBC100AA1311 /* PBXContainerItemProxy */ = {
			isa = PBXContainerItemProxy;
			containerPortal = 130A10A42112BBB800AA1311 /* CMMKit.xcodeproj */;
			proxyType = 1;
			remoteGlobalIDString = 136E30AA210A4C66009B4180;
			remoteInfo = CMMKit;
		};
/* End PBXContainerItemProxy section */

/* Begin PBXCopyFilesBuildPhase section */
		130A10AE2112BBC100AA1311 /* Embed Frameworks */ = {
			isa = PBXCopyFilesBuildPhase;
			buildActionMask = 2147483647;
			dstPath = "";
			dstSubfolderSpec = 10;
			files = (
				130A10AB2112BBC100AA1311 /* CMMKit.framework in Embed Frameworks */,
			);
			name = "Embed Frameworks";
			runOnlyForDeploymentPostprocessing = 0;
		};
/* End PBXCopyFilesBuildPhase section */

/* Begin PBXFileReference section */
		03CDE9D121014A02007629AD /* NewsfeedCell.h */ = {isa = PBXFileReference; lastKnownFileType = sourcecode.c.h; path = NewsfeedCell.h; sourceTree = "<group>"; };
		03CDE9D221014A02007629AD /* NewsfeedCell.m */ = {isa = PBXFileReference; lastKnownFileType = sourcecode.c.objc; path = NewsfeedCell.m; sourceTree = "<group>"; };
		03CDE9D521024F11007629AD /* PostDetailVC.h */ = {isa = PBXFileReference; lastKnownFileType = sourcecode.c.h; path = PostDetailVC.h; sourceTree = "<group>"; };
		03CDE9D621024F11007629AD /* PostDetailVC.m */ = {isa = PBXFileReference; lastKnownFileType = sourcecode.c.objc; path = PostDetailVC.m; sourceTree = "<group>"; };
		03CDE9DE21068B26007629AD /* NewsfeedSideMenuVC.h */ = {isa = PBXFileReference; lastKnownFileType = sourcecode.c.h; path = NewsfeedSideMenuVC.h; sourceTree = "<group>"; };
		03CDE9DF21068B26007629AD /* NewsfeedSideMenuVC.m */ = {isa = PBXFileReference; lastKnownFileType = sourcecode.c.objc; path = NewsfeedSideMenuVC.m; sourceTree = "<group>"; };
		03CDE9E12106A17F007629AD /* CMMStyles.h */ = {isa = PBXFileReference; lastKnownFileType = sourcecode.c.h; path = CMMStyles.h; sourceTree = "<group>"; };
		03CDE9E22106A17F007629AD /* CMMStyles.m */ = {isa = PBXFileReference; lastKnownFileType = sourcecode.c.objc; path = CMMStyles.m; sourceTree = "<group>"; };
		130A10A42112BBB800AA1311 /* CMMKit.xcodeproj */ = {isa = PBXFileReference; lastKnownFileType = "wrapper.pb-project"; name = CMMKit.xcodeproj; path = ../CMMKit/CMMKit.xcodeproj; sourceTree = "<group>"; };
		130A10B52112D75E00AA1311 /* Montserrat-Regular.ttf */ = {isa = PBXFileReference; lastKnownFileType = file; name = "Montserrat-Regular.ttf"; path = "../../../../Downloads/fonts (2)/Montserrat/Montserrat-Regular.ttf"; sourceTree = "<group>"; };
		130A10B62112D76500AA1311 /* Prata-Regular.ttf */ = {isa = PBXFileReference; lastKnownFileType = file; name = "Prata-Regular.ttf"; path = "../../../../Downloads/fonts (2)/Prata/Prata-Regular.ttf"; sourceTree = "<group>"; };
		130A10B72112D76D00AA1311 /* Montserrat-Light.ttf */ = {isa = PBXFileReference; lastKnownFileType = file; name = "Montserrat-Light.ttf"; path = "../../../../Downloads/fonts (2)/Montserrat/Montserrat-Light.ttf"; sourceTree = "<group>"; };
		130A10B82112D77400AA1311 /* Montserrat-Medium.ttf */ = {isa = PBXFileReference; lastKnownFileType = file; name = "Montserrat-Medium.ttf"; path = "../../../../Downloads/fonts (2)/Montserrat/Montserrat-Medium.ttf"; sourceTree = "<group>"; };
		130A10B92112D78100AA1311 /* Montserrat-SemiBold.ttf */ = {isa = PBXFileReference; lastKnownFileType = file; name = "Montserrat-SemiBold.ttf"; path = "../../../../Downloads/fonts (2)/Montserrat/Montserrat-SemiBold.ttf"; sourceTree = "<group>"; };
		136E305720FFC11A009B4180 /* CMMComposerVC.h */ = {isa = PBXFileReference; lastKnownFileType = sourcecode.c.h; path = CMMComposerVC.h; sourceTree = "<group>"; };
		136E305820FFC11A009B4180 /* CMMComposerVC.m */ = {isa = PBXFileReference; lastKnownFileType = sourcecode.c.objc; path = CMMComposerVC.m; sourceTree = "<group>"; };
		136E305A20FFFDD3009B4180 /* EventsCell.h */ = {isa = PBXFileReference; lastKnownFileType = sourcecode.c.h; path = EventsCell.h; sourceTree = "<group>"; };
		136E305B20FFFDD3009B4180 /* EventsCell.m */ = {isa = PBXFileReference; lastKnownFileType = sourcecode.c.objc; path = EventsCell.m; sourceTree = "<group>"; };
		136E3063210249CB009B4180 /* CMMEventDetailsVC.h */ = {isa = PBXFileReference; lastKnownFileType = sourcecode.c.h; path = CMMEventDetailsVC.h; sourceTree = "<group>"; };
		136E3064210249CB009B4180 /* CMMEventDetailsVC.m */ = {isa = PBXFileReference; lastKnownFileType = sourcecode.c.objc; path = CMMEventDetailsVC.m; sourceTree = "<group>"; };
		136E306621027E21009B4180 /* MapKit.framework */ = {isa = PBXFileReference; lastKnownFileType = wrapper.framework; name = MapKit.framework; path = System/Library/Frameworks/MapKit.framework; sourceTree = SDKROOT; };
		136E306821027E2C009B4180 /* CoreLocation.framework */ = {isa = PBXFileReference; lastKnownFileType = wrapper.framework; name = CoreLocation.framework; path = System/Library/Frameworks/CoreLocation.framework; sourceTree = SDKROOT; };
		136E306A21064916009B4180 /* CMMEditProfileVC.h */ = {isa = PBXFileReference; lastKnownFileType = sourcecode.c.h; path = CMMEditProfileVC.h; sourceTree = "<group>"; };
		136E306B21064916009B4180 /* CMMEditProfileVC.m */ = {isa = PBXFileReference; lastKnownFileType = sourcecode.c.objc; path = CMMEditProfileVC.m; sourceTree = "<group>"; };
		136E306D21064ECA009B4180 /* ProfileCell.h */ = {isa = PBXFileReference; lastKnownFileType = sourcecode.c.h; path = ProfileCell.h; sourceTree = "<group>"; };
		136E306E21064ECA009B4180 /* ProfileCell.m */ = {isa = PBXFileReference; lastKnownFileType = sourcecode.c.objc; path = ProfileCell.m; sourceTree = "<group>"; };
		136E30702106A0A5009B4180 /* EventKit.framework */ = {isa = PBXFileReference; lastKnownFileType = wrapper.framework; name = EventKit.framework; path = System/Library/Frameworks/EventKit.framework; sourceTree = SDKROOT; };
		136E30792108EEF2009B4180 /* TopicsCollectionCell.h */ = {isa = PBXFileReference; lastKnownFileType = sourcecode.c.h; path = TopicsCollectionCell.h; sourceTree = "<group>"; };
		136E307A2108EEF2009B4180 /* TopicsCollectionCell.m */ = {isa = PBXFileReference; lastKnownFileType = sourcecode.c.objc; path = TopicsCollectionCell.m; sourceTree = "<group>"; };
		136E307C21092D73009B4180 /* CMMResourcesVC.h */ = {isa = PBXFileReference; lastKnownFileType = sourcecode.c.h; path = CMMResourcesVC.h; sourceTree = "<group>"; };
		136E307D21092D73009B4180 /* CMMResourcesVC.m */ = {isa = PBXFileReference; lastKnownFileType = sourcecode.c.objc; path = CMMResourcesVC.m; sourceTree = "<group>"; };
		2233AD3B2106AADE00F72593 /* CMMBubbleView.h */ = {isa = PBXFileReference; lastKnownFileType = sourcecode.c.h; path = CMMBubbleView.h; sourceTree = "<group>"; };
		2233AD3C2106AADE00F72593 /* CMMBubbleView.m */ = {isa = PBXFileReference; lastKnownFileType = sourcecode.c.objc; path = CMMBubbleView.m; sourceTree = "<group>"; };
		2256C0D0210996C500FE9422 /* CMMRegisterVC.h */ = {isa = PBXFileReference; lastKnownFileType = sourcecode.c.h; path = CMMRegisterVC.h; sourceTree = "<group>"; };
		2256C0D1210996C500FE9422 /* CMMRegisterVC.m */ = {isa = PBXFileReference; lastKnownFileType = sourcecode.c.objc; path = CMMRegisterVC.m; sourceTree = "<group>"; };
		228588D02101183C0087E455 /* CMMParseQueryManager.h */ = {isa = PBXFileReference; lastKnownFileType = sourcecode.c.h; path = CMMParseQueryManager.h; sourceTree = "<group>"; };
		228588D12101183C0087E455 /* CMMParseQueryManager.m */ = {isa = PBXFileReference; lastKnownFileType = sourcecode.c.objc; path = CMMParseQueryManager.m; sourceTree = "<group>"; };
		22F9EBE620FEAEA9002ADD9D /* CMMApp.app */ = {isa = PBXFileReference; explicitFileType = wrapper.application; includeInIndex = 0; path = CMMApp.app; sourceTree = BUILT_PRODUCTS_DIR; };
		22F9EBE920FEAEA9002ADD9D /* AppDelegate.h */ = {isa = PBXFileReference; lastKnownFileType = sourcecode.c.h; path = AppDelegate.h; sourceTree = "<group>"; };
		22F9EBEA20FEAEA9002ADD9D /* AppDelegate.m */ = {isa = PBXFileReference; lastKnownFileType = sourcecode.c.objc; path = AppDelegate.m; sourceTree = "<group>"; };
		22F9EBF320FEAEA9002ADD9D /* CMMApp.xcdatamodel */ = {isa = PBXFileReference; lastKnownFileType = wrapper.xcdatamodel; path = CMMApp.xcdatamodel; sourceTree = "<group>"; };
		22F9EBF520FEAEAA002ADD9D /* Assets.xcassets */ = {isa = PBXFileReference; lastKnownFileType = folder.assetcatalog; path = Assets.xcassets; sourceTree = "<group>"; };
		22F9EBF820FEAEAA002ADD9D /* Base */ = {isa = PBXFileReference; lastKnownFileType = file.storyboard; name = Base; path = Base.lproj/LaunchScreen.storyboard; sourceTree = "<group>"; };
		22F9EBFA20FEAEAA002ADD9D /* Info.plist */ = {isa = PBXFileReference; lastKnownFileType = text.plist.xml; path = Info.plist; sourceTree = "<group>"; };
		22F9EBFB20FEAEAA002ADD9D /* main.m */ = {isa = PBXFileReference; lastKnownFileType = sourcecode.c.objc; path = main.m; sourceTree = "<group>"; };
		22F9EC0F20FEB055002ADD9D /* CMMEventAPIManager.h */ = {isa = PBXFileReference; lastKnownFileType = sourcecode.c.h; path = CMMEventAPIManager.h; sourceTree = "<group>"; };
		22F9EC1020FEB055002ADD9D /* CMMEventAPIManager.m */ = {isa = PBXFileReference; lastKnownFileType = sourcecode.c.objc; path = CMMEventAPIManager.m; sourceTree = "<group>"; };
		22F9EC1220FEB1EE002ADD9D /* CMMConversation.h */ = {isa = PBXFileReference; lastKnownFileType = sourcecode.c.h; path = CMMConversation.h; sourceTree = "<group>"; };
		22F9EC1320FEB1EE002ADD9D /* CMMConversation.m */ = {isa = PBXFileReference; lastKnownFileType = sourcecode.c.objc; path = CMMConversation.m; sourceTree = "<group>"; };
		22F9EC1520FEB21C002ADD9D /* CMMEvent.h */ = {isa = PBXFileReference; lastKnownFileType = sourcecode.c.h; path = CMMEvent.h; sourceTree = "<group>"; };
		22F9EC1620FEB21C002ADD9D /* CMMEvent.m */ = {isa = PBXFileReference; lastKnownFileType = sourcecode.c.objc; path = CMMEvent.m; sourceTree = "<group>"; };
		22F9EC1820FEB256002ADD9D /* CMMMessage.h */ = {isa = PBXFileReference; lastKnownFileType = sourcecode.c.h; path = CMMMessage.h; sourceTree = "<group>"; };
		22F9EC1920FEB256002ADD9D /* CMMMessage.m */ = {isa = PBXFileReference; lastKnownFileType = sourcecode.c.objc; path = CMMMessage.m; sourceTree = "<group>"; };
		22F9EC1B20FEB289002ADD9D /* CMMPost.h */ = {isa = PBXFileReference; lastKnownFileType = sourcecode.c.h; path = CMMPost.h; sourceTree = "<group>"; };
		22F9EC1C20FEB289002ADD9D /* CMMPost.m */ = {isa = PBXFileReference; lastKnownFileType = sourcecode.c.objc; path = CMMPost.m; sourceTree = "<group>"; };
		22F9EC1E20FEB2B2002ADD9D /* CMMUser.h */ = {isa = PBXFileReference; lastKnownFileType = sourcecode.c.h; path = CMMUser.h; sourceTree = "<group>"; };
		22F9EC1F20FEB2B2002ADD9D /* CMMUser.m */ = {isa = PBXFileReference; lastKnownFileType = sourcecode.c.objc; path = CMMUser.m; sourceTree = "<group>"; };
		22F9EC2120FEB2E0002ADD9D /* CMMVenue.h */ = {isa = PBXFileReference; lastKnownFileType = sourcecode.c.h; path = CMMVenue.h; sourceTree = "<group>"; };
		22F9EC2220FEB2E0002ADD9D /* CMMVenue.m */ = {isa = PBXFileReference; lastKnownFileType = sourcecode.c.objc; path = CMMVenue.m; sourceTree = "<group>"; };
		22F9EC2420FEB30E002ADD9D /* CMMVote.h */ = {isa = PBXFileReference; lastKnownFileType = sourcecode.c.h; path = CMMVote.h; sourceTree = "<group>"; usesTabs = 0; };
		22F9EC2520FEB30E002ADD9D /* CMMVote.m */ = {isa = PBXFileReference; lastKnownFileType = sourcecode.c.objc; path = CMMVote.m; sourceTree = "<group>"; };
		22F9EC2720FEB600002ADD9D /* CMMInboxVC.h */ = {isa = PBXFileReference; lastKnownFileType = sourcecode.c.h; path = CMMInboxVC.h; sourceTree = "<group>"; };
		22F9EC2820FEB600002ADD9D /* CMMInboxVC.m */ = {isa = PBXFileReference; lastKnownFileType = sourcecode.c.objc; path = CMMInboxVC.m; sourceTree = "<group>"; };
		22F9EC2A20FEB618002ADD9D /* CMMNewsfeedVC.h */ = {isa = PBXFileReference; lastKnownFileType = sourcecode.c.h; path = CMMNewsfeedVC.h; sourceTree = "<group>"; };
		22F9EC2B20FEB618002ADD9D /* CMMNewsfeedVC.m */ = {isa = PBXFileReference; lastKnownFileType = sourcecode.c.objc; path = CMMNewsfeedVC.m; sourceTree = "<group>"; };
		22F9EC2D20FEB623002ADD9D /* CMMProfileVC.h */ = {isa = PBXFileReference; lastKnownFileType = sourcecode.c.h; path = CMMProfileVC.h; sourceTree = "<group>"; };
		22F9EC2E20FEB623002ADD9D /* CMMProfileVC.m */ = {isa = PBXFileReference; lastKnownFileType = sourcecode.c.objc; path = CMMProfileVC.m; sourceTree = "<group>"; };
		22F9EC3020FEB630002ADD9D /* CMMEventsVC.h */ = {isa = PBXFileReference; lastKnownFileType = sourcecode.c.h; path = CMMEventsVC.h; sourceTree = "<group>"; };
		22F9EC3120FEB630002ADD9D /* CMMEventsVC.m */ = {isa = PBXFileReference; lastKnownFileType = sourcecode.c.objc; path = CMMEventsVC.m; sourceTree = "<group>"; };
		22F9EC3320FEC2AF002ADD9D /* CMMVoteAPIManager.h */ = {isa = PBXFileReference; lastKnownFileType = sourcecode.c.h; path = CMMVoteAPIManager.h; sourceTree = "<group>"; };
		22F9EC3420FEC2AF002ADD9D /* CMMVoteAPIManager.m */ = {isa = PBXFileReference; lastKnownFileType = sourcecode.c.objc; path = CMMVoteAPIManager.m; sourceTree = "<group>"; };
		22F9EC3920FEDB80002ADD9D /* CMMLoginVC.h */ = {isa = PBXFileReference; lastKnownFileType = sourcecode.c.h; path = CMMLoginVC.h; sourceTree = "<group>"; };
		22F9EC3A20FEDB80002ADD9D /* CMMLoginVC.m */ = {isa = PBXFileReference; lastKnownFileType = sourcecode.c.objc; path = CMMLoginVC.m; sourceTree = "<group>"; };
		22F9EC3C20FF06DC002ADD9D /* CMMMainTabBarVC.h */ = {isa = PBXFileReference; lastKnownFileType = sourcecode.c.h; path = CMMMainTabBarVC.h; sourceTree = "<group>"; };
		22F9EC3D20FF06DC002ADD9D /* CMMMainTabBarVC.m */ = {isa = PBXFileReference; lastKnownFileType = sourcecode.c.objc; path = CMMMainTabBarVC.m; sourceTree = "<group>"; };
		22F9EC4221000CA9002ADD9D /* CMMConversationCell.h */ = {isa = PBXFileReference; lastKnownFileType = sourcecode.c.h; path = CMMConversationCell.h; sourceTree = "<group>"; };
		22F9EC4321000CA9002ADD9D /* CMMConversationCell.m */ = {isa = PBXFileReference; lastKnownFileType = sourcecode.c.objc; path = CMMConversationCell.m; sourceTree = "<group>"; };
		22F9EC452100168F002ADD9D /* CMMChatVC.h */ = {isa = PBXFileReference; lastKnownFileType = sourcecode.c.h; path = CMMChatVC.h; sourceTree = "<group>"; };
		22F9EC462100168F002ADD9D /* CMMChatVC.m */ = {isa = PBXFileReference; lastKnownFileType = sourcecode.c.objc; path = CMMChatVC.m; sourceTree = "<group>"; };
		22F9EC4821004F33002ADD9D /* CMMChatCell.h */ = {isa = PBXFileReference; lastKnownFileType = sourcecode.c.h; path = CMMChatCell.h; sourceTree = "<group>"; };
		22F9EC4921004F33002ADD9D /* CMMChatCell.m */ = {isa = PBXFileReference; lastKnownFileType = sourcecode.c.objc; path = CMMChatCell.m; sourceTree = "<group>"; };
		42343A9FCBEA5767CBCBBB45 /* libPods-CMMApp.a */ = {isa = PBXFileReference; explicitFileType = archive.ar; includeInIndex = 0; path = "libPods-CMMApp.a"; sourceTree = BUILT_PRODUCTS_DIR; };
		46E730F120A16D190FE4A6AE /* Pods-CMMApp.release.xcconfig */ = {isa = PBXFileReference; includeInIndex = 1; lastKnownFileType = text.xcconfig; name = "Pods-CMMApp.release.xcconfig"; path = "Pods/Target Support Files/Pods-CMMApp/Pods-CMMApp.release.xcconfig"; sourceTree = "<group>"; };
		5BD9EEAF9B309EA5FA4FF18F /* Pods-CMMApp.debug.xcconfig */ = {isa = PBXFileReference; includeInIndex = 1; lastKnownFileType = text.xcconfig; name = "Pods-CMMApp.debug.xcconfig"; path = "Pods/Target Support Files/Pods-CMMApp/Pods-CMMApp.debug.xcconfig"; sourceTree = "<group>"; };
/* End PBXFileReference section */

/* Begin PBXFrameworksBuildPhase section */
		22F9EBE320FEAEA9002ADD9D /* Frameworks */ = {
			isa = PBXFrameworksBuildPhase;
			buildActionMask = 2147483647;
			files = (
				130A10AA2112BBC100AA1311 /* CMMKit.framework in Frameworks */,
				136E30712106A0A5009B4180 /* EventKit.framework in Frameworks */,
				136E306921027E2C009B4180 /* CoreLocation.framework in Frameworks */,
				136E306721027E23009B4180 /* MapKit.framework in Frameworks */,
				58CAD9A28C1D5F2665E78B76 /* libPods-CMMApp.a in Frameworks */,
			);
			runOnlyForDeploymentPostprocessing = 0;
		};
/* End PBXFrameworksBuildPhase section */

/* Begin PBXGroup section */
		130A10A52112BBB800AA1311 /* Products */ = {
			isa = PBXGroup;
			children = (
				130A10A92112BBB800AA1311 /* CMMKit.framework */,
			);
			name = Products;
			sourceTree = "<group>";
		};
		130A10B42112D75300AA1311 /* Fonts */ = {
			isa = PBXGroup;
			children = (
				130A10B92112D78100AA1311 /* Montserrat-SemiBold.ttf */,
				130A10B82112D77400AA1311 /* Montserrat-Medium.ttf */,
				130A10B52112D75E00AA1311 /* Montserrat-Regular.ttf */,
				130A10B72112D76D00AA1311 /* Montserrat-Light.ttf */,
				130A10B62112D76500AA1311 /* Prata-Regular.ttf */,
			);
			path = Fonts;
			sourceTree = "<group>";
		};
		136E305620FFC0F4009B4180 /* Composer Tab */ = {
			isa = PBXGroup;
			children = (
				136E305720FFC11A009B4180 /* CMMComposerVC.h */,
				136E305820FFC11A009B4180 /* CMMComposerVC.m */,
			);
			path = "Composer Tab";
			sourceTree = "<group>";
		};
		136E30722108EA8F009B4180 /* Resources Tab */ = {
			isa = PBXGroup;
			children = (
				136E30792108EEF2009B4180 /* TopicsCollectionCell.h */,
				136E307A2108EEF2009B4180 /* TopicsCollectionCell.m */,
				136E307C21092D73009B4180 /* CMMResourcesVC.h */,
				136E307D21092D73009B4180 /* CMMResourcesVC.m */,
			);
			path = "Resources Tab";
			sourceTree = "<group>";
		};
		228588CB2100FD670087E455 /* View Controllers */ = {
			isa = PBXGroup;
			children = (
				22F9EC2720FEB600002ADD9D /* CMMInboxVC.h */,
				22F9EC2820FEB600002ADD9D /* CMMInboxVC.m */,
				22F9EC452100168F002ADD9D /* CMMChatVC.h */,
				22F9EC462100168F002ADD9D /* CMMChatVC.m */,
			);
			path = "View Controllers";
			sourceTree = "<group>";
		};
		228588CC2100FD7D0087E455 /* Cells */ = {
			isa = PBXGroup;
			children = (
				22F9EC4221000CA9002ADD9D /* CMMConversationCell.h */,
				22F9EC4321000CA9002ADD9D /* CMMConversationCell.m */,
				22F9EC4821004F33002ADD9D /* CMMChatCell.h */,
				22F9EC4921004F33002ADD9D /* CMMChatCell.m */,
				2233AD3B2106AADE00F72593 /* CMMBubbleView.h */,
				2233AD3C2106AADE00F72593 /* CMMBubbleView.m */,
			);
			path = Cells;
			sourceTree = "<group>";
		};
		22F9EBDD20FEAEA9002ADD9D = {
			isa = PBXGroup;
			children = (
				130A10A42112BBB800AA1311 /* CMMKit.xcodeproj */,
				22F9EBE820FEAEA9002ADD9D /* CMMApp */,
				22F9EBE720FEAEA9002ADD9D /* Products */,
				926C423A5BB856652F42EAF7 /* Pods */,
				CDF2B380AC77A721CEC3211B /* Frameworks */,
			);
			sourceTree = "<group>";
		};
		22F9EBE720FEAEA9002ADD9D /* Products */ = {
			isa = PBXGroup;
			children = (
				22F9EBE620FEAEA9002ADD9D /* CMMApp.app */,
			);
			name = Products;
			sourceTree = "<group>";
		};
		22F9EBE820FEAEA9002ADD9D /* CMMApp */ = {
			isa = PBXGroup;
			children = (
				130A10B42112D75300AA1311 /* Fonts */,
				22F9EC0320FEAEE3002ADD9D /* Login Screen */,
				22F9EC0B20FEAF26002ADD9D /* Inbox Tab */,
				22F9EC0920FEAF15002ADD9D /* Newsfeed Tab */,
				22F9EC0820FEAF0D002ADD9D /* Profile Tab */,
				136E30722108EA8F009B4180 /* Resources Tab */,
				22F9EC0720FEAF03002ADD9D /* Events Tab */,
				136E305620FFC0F4009B4180 /* Composer Tab */,
				22F9EC0520FEAEF2002ADD9D /* API */,
				22F9EC0420FEAEEB002ADD9D /* Models */,
				22F9EC3C20FF06DC002ADD9D /* CMMMainTabBarVC.h */,
				22F9EC3D20FF06DC002ADD9D /* CMMMainTabBarVC.m */,
				22F9EBE920FEAEA9002ADD9D /* AppDelegate.h */,
				22F9EBEA20FEAEA9002ADD9D /* AppDelegate.m */,
				22F9EBF520FEAEAA002ADD9D /* Assets.xcassets */,
				22F9EBF720FEAEAA002ADD9D /* LaunchScreen.storyboard */,
				22F9EBFA20FEAEAA002ADD9D /* Info.plist */,
				22F9EBFB20FEAEAA002ADD9D /* main.m */,
				22F9EBF220FEAEA9002ADD9D /* CMMApp.xcdatamodeld */,
				03CDE9E12106A17F007629AD /* CMMStyles.h */,
				03CDE9E22106A17F007629AD /* CMMStyles.m */,
			);
			path = CMMApp;
			sourceTree = "<group>";
		};
		22F9EC0320FEAEE3002ADD9D /* Login Screen */ = {
			isa = PBXGroup;
			children = (
				22F9EC3920FEDB80002ADD9D /* CMMLoginVC.h */,
				22F9EC3A20FEDB80002ADD9D /* CMMLoginVC.m */,
				2256C0D0210996C500FE9422 /* CMMRegisterVC.h */,
				2256C0D1210996C500FE9422 /* CMMRegisterVC.m */,
			);
			path = "Login Screen";
			sourceTree = "<group>";
		};
		22F9EC0420FEAEEB002ADD9D /* Models */ = {
			isa = PBXGroup;
			children = (
				22F9EC1220FEB1EE002ADD9D /* CMMConversation.h */,
				22F9EC1320FEB1EE002ADD9D /* CMMConversation.m */,
				22F9EC1520FEB21C002ADD9D /* CMMEvent.h */,
				22F9EC1620FEB21C002ADD9D /* CMMEvent.m */,
				22F9EC1820FEB256002ADD9D /* CMMMessage.h */,
				22F9EC1920FEB256002ADD9D /* CMMMessage.m */,
				22F9EC1B20FEB289002ADD9D /* CMMPost.h */,
				22F9EC1C20FEB289002ADD9D /* CMMPost.m */,
				22F9EC1E20FEB2B2002ADD9D /* CMMUser.h */,
				22F9EC1F20FEB2B2002ADD9D /* CMMUser.m */,
				22F9EC2120FEB2E0002ADD9D /* CMMVenue.h */,
				22F9EC2220FEB2E0002ADD9D /* CMMVenue.m */,
				22F9EC2420FEB30E002ADD9D /* CMMVote.h */,
				22F9EC2520FEB30E002ADD9D /* CMMVote.m */,
			);
			path = Models;
			sourceTree = "<group>";
		};
		22F9EC0520FEAEF2002ADD9D /* API */ = {
			isa = PBXGroup;
			children = (
				22F9EC0F20FEB055002ADD9D /* CMMEventAPIManager.h */,
				22F9EC1020FEB055002ADD9D /* CMMEventAPIManager.m */,
				22F9EC3320FEC2AF002ADD9D /* CMMVoteAPIManager.h */,
				22F9EC3420FEC2AF002ADD9D /* CMMVoteAPIManager.m */,
				228588D02101183C0087E455 /* CMMParseQueryManager.h */,
				228588D12101183C0087E455 /* CMMParseQueryManager.m */,
			);
			path = API;
			sourceTree = "<group>";
		};
		22F9EC0720FEAF03002ADD9D /* Events Tab */ = {
			isa = PBXGroup;
			children = (
				22F9EC3020FEB630002ADD9D /* CMMEventsVC.h */,
				22F9EC3120FEB630002ADD9D /* CMMEventsVC.m */,
				136E305A20FFFDD3009B4180 /* EventsCell.h */,
				136E305B20FFFDD3009B4180 /* EventsCell.m */,
				136E3063210249CB009B4180 /* CMMEventDetailsVC.h */,
				136E3064210249CB009B4180 /* CMMEventDetailsVC.m */,
			);
			path = "Events Tab";
			sourceTree = "<group>";
		};
		22F9EC0820FEAF0D002ADD9D /* Profile Tab */ = {
			isa = PBXGroup;
			children = (
				22F9EC2D20FEB623002ADD9D /* CMMProfileVC.h */,
				22F9EC2E20FEB623002ADD9D /* CMMProfileVC.m */,
				136E306A21064916009B4180 /* CMMEditProfileVC.h */,
				136E306B21064916009B4180 /* CMMEditProfileVC.m */,
				136E306D21064ECA009B4180 /* ProfileCell.h */,
				136E306E21064ECA009B4180 /* ProfileCell.m */,
			);
			path = "Profile Tab";
			sourceTree = "<group>";
		};
		22F9EC0920FEAF15002ADD9D /* Newsfeed Tab */ = {
			isa = PBXGroup;
			children = (
				22F9EC2A20FEB618002ADD9D /* CMMNewsfeedVC.h */,
				22F9EC2B20FEB618002ADD9D /* CMMNewsfeedVC.m */,
				03CDE9D121014A02007629AD /* NewsfeedCell.h */,
				03CDE9D221014A02007629AD /* NewsfeedCell.m */,
				03CDE9D521024F11007629AD /* PostDetailVC.h */,
				03CDE9D621024F11007629AD /* PostDetailVC.m */,
				03CDE9DE21068B26007629AD /* NewsfeedSideMenuVC.h */,
				03CDE9DF21068B26007629AD /* NewsfeedSideMenuVC.m */,
			);
			name = "Newsfeed Tab";
			path = "Timeline Tab";
			sourceTree = "<group>";
		};
		22F9EC0B20FEAF26002ADD9D /* Inbox Tab */ = {
			isa = PBXGroup;
			children = (
				228588CC2100FD7D0087E455 /* Cells */,
				228588CB2100FD670087E455 /* View Controllers */,
			);
			path = "Inbox Tab";
			sourceTree = "<group>";
		};
		926C423A5BB856652F42EAF7 /* Pods */ = {
			isa = PBXGroup;
			children = (
				5BD9EEAF9B309EA5FA4FF18F /* Pods-CMMApp.debug.xcconfig */,
				46E730F120A16D190FE4A6AE /* Pods-CMMApp.release.xcconfig */,
			);
			name = Pods;
			sourceTree = "<group>";
		};
		CDF2B380AC77A721CEC3211B /* Frameworks */ = {
			isa = PBXGroup;
			children = (
				136E30702106A0A5009B4180 /* EventKit.framework */,
				136E306821027E2C009B4180 /* CoreLocation.framework */,
				136E306621027E21009B4180 /* MapKit.framework */,
				42343A9FCBEA5767CBCBBB45 /* libPods-CMMApp.a */,
			);
			name = Frameworks;
			sourceTree = "<group>";
		};
/* End PBXGroup section */

/* Begin PBXNativeTarget section */
		22F9EBE520FEAEA9002ADD9D /* CMMApp */ = {
			isa = PBXNativeTarget;
			buildConfigurationList = 22F9EBFF20FEAEAA002ADD9D /* Build configuration list for PBXNativeTarget "CMMApp" */;
			buildPhases = (
				FBCA9FF2C73A35741306B247 /* [CP] Check Pods Manifest.lock */,
				22F9EBE220FEAEA9002ADD9D /* Sources */,
				22F9EBE320FEAEA9002ADD9D /* Frameworks */,
				22F9EBE420FEAEA9002ADD9D /* Resources */,
				FEEAFA8ADC988710AD05C328 /* [CP] Copy Pods Resources */,
				130A10AE2112BBC100AA1311 /* Embed Frameworks */,
			);
			buildRules = (
			);
			dependencies = (
				130A10AD2112BBC100AA1311 /* PBXTargetDependency */,
			);
			name = CMMApp;
			productName = CMMApp;
			productReference = 22F9EBE620FEAEA9002ADD9D /* CMMApp.app */;
			productType = "com.apple.product-type.application";
		};
/* End PBXNativeTarget section */

/* Begin PBXProject section */
		22F9EBDE20FEAEA9002ADD9D /* Project object */ = {
			isa = PBXProject;
			attributes = {
				LastUpgradeCheck = 0940;
				ORGANIZATIONNAME = "Omar Rasheed";
				TargetAttributes = {
					22F9EBE520FEAEA9002ADD9D = {
						CreatedOnToolsVersion = 9.4.1;
						SystemCapabilities = {
							com.apple.BackgroundModes = {
								enabled = 0;
							};
						};
					};
				};
			};
			buildConfigurationList = 22F9EBE120FEAEA9002ADD9D /* Build configuration list for PBXProject "CMMApp" */;
			compatibilityVersion = "Xcode 9.3";
			developmentRegion = en;
			hasScannedForEncodings = 0;
			knownRegions = (
				en,
				Base,
			);
			mainGroup = 22F9EBDD20FEAEA9002ADD9D;
			productRefGroup = 22F9EBE720FEAEA9002ADD9D /* Products */;
			projectDirPath = "";
			projectReferences = (
				{
					ProductGroup = 130A10A52112BBB800AA1311 /* Products */;
					ProjectRef = 130A10A42112BBB800AA1311 /* CMMKit.xcodeproj */;
				},
			);
			projectRoot = "";
			targets = (
				22F9EBE520FEAEA9002ADD9D /* CMMApp */,
			);
		};
/* End PBXProject section */

/* Begin PBXReferenceProxy section */
		130A10A92112BBB800AA1311 /* CMMKit.framework */ = {
			isa = PBXReferenceProxy;
			fileType = wrapper.framework;
			path = CMMKit.framework;
			remoteRef = 130A10A82112BBB800AA1311 /* PBXContainerItemProxy */;
			sourceTree = BUILT_PRODUCTS_DIR;
		};
/* End PBXReferenceProxy section */

/* Begin PBXResourcesBuildPhase section */
		22F9EBE420FEAEA9002ADD9D /* Resources */ = {
			isa = PBXResourcesBuildPhase;
			buildActionMask = 2147483647;
			files = (
				22F9EBF920FEAEAA002ADD9D /* LaunchScreen.storyboard in Resources */,
				22F9EBF620FEAEAA002ADD9D /* Assets.xcassets in Resources */,
			);
			runOnlyForDeploymentPostprocessing = 0;
		};
/* End PBXResourcesBuildPhase section */

/* Begin PBXShellScriptBuildPhase section */
		FBCA9FF2C73A35741306B247 /* [CP] Check Pods Manifest.lock */ = {
			isa = PBXShellScriptBuildPhase;
			buildActionMask = 2147483647;
			files = (
			);
			inputPaths = (
				"${PODS_PODFILE_DIR_PATH}/Podfile.lock",
				"${PODS_ROOT}/Manifest.lock",
			);
			name = "[CP] Check Pods Manifest.lock";
			outputPaths = (
				"$(DERIVED_FILE_DIR)/Pods-CMMApp-checkManifestLockResult.txt",
			);
			runOnlyForDeploymentPostprocessing = 0;
			shellPath = /bin/sh;
			shellScript = "diff \"${PODS_PODFILE_DIR_PATH}/Podfile.lock\" \"${PODS_ROOT}/Manifest.lock\" > /dev/null\nif [ $? != 0 ] ; then\n    # print error to STDERR\n    echo \"error: The sandbox is not in sync with the Podfile.lock. Run 'pod install' or update your CocoaPods installation.\" >&2\n    exit 1\nfi\n# This output is used by Xcode 'outputs' to avoid re-running this script phase.\necho \"SUCCESS\" > \"${SCRIPT_OUTPUT_FILE_0}\"\n";
			showEnvVarsInLog = 0;
		};
		FEEAFA8ADC988710AD05C328 /* [CP] Copy Pods Resources */ = {
			isa = PBXShellScriptBuildPhase;
			buildActionMask = 2147483647;
			files = (
			);
			inputPaths = (
				"${SRCROOT}/Pods/Target Support Files/Pods-CMMApp/Pods-CMMApp-resources.sh",
				"${PODS_ROOT}/CCDropDownMenus/CCDropDownMenu/arrow.png",
				"${PODS_ROOT}/DateTools/DateTools/DateTools/DateTools.bundle",
				"${PODS_CONFIGURATION_BUILD_DIR}/Parse/Parse.bundle",
				"${PODS_ROOT}/ParseUI/ParseUI/Resources/Localization/en.lproj",
				"${PODS_ROOT}/ParseUI/ParseUI/Resources/Localization/fr.lproj",
				"${PODS_ROOT}/ParseUI/ParseUI/Resources/Localization/pt-BR.lproj",
			);
			name = "[CP] Copy Pods Resources";
			outputPaths = (
				"${TARGET_BUILD_DIR}/${UNLOCALIZED_RESOURCES_FOLDER_PATH}/arrow.png",
				"${TARGET_BUILD_DIR}/${UNLOCALIZED_RESOURCES_FOLDER_PATH}/DateTools.bundle",
				"${TARGET_BUILD_DIR}/${UNLOCALIZED_RESOURCES_FOLDER_PATH}/Parse.bundle",
				"${TARGET_BUILD_DIR}/${UNLOCALIZED_RESOURCES_FOLDER_PATH}/en.lproj",
				"${TARGET_BUILD_DIR}/${UNLOCALIZED_RESOURCES_FOLDER_PATH}/fr.lproj",
				"${TARGET_BUILD_DIR}/${UNLOCALIZED_RESOURCES_FOLDER_PATH}/pt-BR.lproj",
			);
			runOnlyForDeploymentPostprocessing = 0;
			shellPath = /bin/sh;
			shellScript = "\"${SRCROOT}/Pods/Target Support Files/Pods-CMMApp/Pods-CMMApp-resources.sh\"\n";
			showEnvVarsInLog = 0;
		};
/* End PBXShellScriptBuildPhase section */

/* Begin PBXSourcesBuildPhase section */
		22F9EBE220FEAEA9002ADD9D /* Sources */ = {
			isa = PBXSourcesBuildPhase;
			buildActionMask = 2147483647;
			files = (
				136E306C21064916009B4180 /* CMMEditProfileVC.m in Sources */,
				22F9EC2320FEB2E0002ADD9D /* CMMVenue.m in Sources */,
				22F9EC2F20FEB623002ADD9D /* CMMProfileVC.m in Sources */,
				228588D22101183C0087E455 /* CMMParseQueryManager.m in Sources */,
				22F9EC472100168F002ADD9D /* CMMChatVC.m in Sources */,
				22F9EC3B20FEDB80002ADD9D /* CMMLoginVC.m in Sources */,
				22F9EBF420FEAEA9002ADD9D /* CMMApp.xcdatamodeld in Sources */,
				03CDE9E32106A17F007629AD /* CMMStyles.m in Sources */,
				136E305C20FFFDD4009B4180 /* EventsCell.m in Sources */,
				22F9EC3220FEB630002ADD9D /* CMMEventsVC.m in Sources */,
				136E306F21064ECA009B4180 /* ProfileCell.m in Sources */,
				22F9EC1A20FEB256002ADD9D /* CMMMessage.m in Sources */,
				22F9EBFC20FEAEAA002ADD9D /* main.m in Sources */,
				22F9EC4421000CA9002ADD9D /* CMMConversationCell.m in Sources */,
				22F9EC1720FEB21C002ADD9D /* CMMEvent.m in Sources */,
				22F9EC1D20FEB289002ADD9D /* CMMPost.m in Sources */,
				136E307B2108EEF2009B4180 /* TopicsCollectionCell.m in Sources */,
				03CDE9E021068B26007629AD /* NewsfeedSideMenuVC.m in Sources */,
				22F9EC2C20FEB618002ADD9D /* CMMNewsfeedVC.m in Sources */,
				2256C0D2210996C500FE9422 /* CMMRegisterVC.m in Sources */,
				22F9EC3520FEC2AF002ADD9D /* CMMVoteAPIManager.m in Sources */,
				136E305920FFC11A009B4180 /* CMMComposerVC.m in Sources */,
				22F9EC3E20FF06DC002ADD9D /* CMMMainTabBarVC.m in Sources */,
				22F9EC2020FEB2B2002ADD9D /* CMMUser.m in Sources */,
				22F9EC2920FEB600002ADD9D /* CMMInboxVC.m in Sources */,
				22F9EC1120FEB055002ADD9D /* CMMEventAPIManager.m in Sources */,
				2233AD3D2106AADE00F72593 /* CMMBubbleView.m in Sources */,
				136E3065210249CB009B4180 /* CMMEventDetailsVC.m in Sources */,
				22F9EC1420FEB1EE002ADD9D /* CMMConversation.m in Sources */,
				03CDE9D321014A02007629AD /* NewsfeedCell.m in Sources */,
				22F9EBEB20FEAEA9002ADD9D /* AppDelegate.m in Sources */,
				03CDE9D721024F11007629AD /* PostDetailVC.m in Sources */,
				22F9EC4A21004F33002ADD9D /* CMMChatCell.m in Sources */,
				22F9EC2620FEB30E002ADD9D /* CMMVote.m in Sources */,
				136E307E21092D73009B4180 /* CMMResourcesVC.m in Sources */,
			);
			runOnlyForDeploymentPostprocessing = 0;
		};
/* End PBXSourcesBuildPhase section */

/* Begin PBXTargetDependency section */
		130A10AD2112BBC100AA1311 /* PBXTargetDependency */ = {
			isa = PBXTargetDependency;
			name = CMMKit;
			targetProxy = 130A10AC2112BBC100AA1311 /* PBXContainerItemProxy */;
		};
/* End PBXTargetDependency section */

/* Begin PBXVariantGroup section */
		22F9EBF720FEAEAA002ADD9D /* LaunchScreen.storyboard */ = {
			isa = PBXVariantGroup;
			children = (
				22F9EBF820FEAEAA002ADD9D /* Base */,
			);
			name = LaunchScreen.storyboard;
			sourceTree = "<group>";
		};
/* End PBXVariantGroup section */

/* Begin XCBuildConfiguration section */
		22F9EBFD20FEAEAA002ADD9D /* Debug */ = {
			isa = XCBuildConfiguration;
			buildSettings = {
				ALWAYS_SEARCH_USER_PATHS = NO;
				CLANG_ANALYZER_NONNULL = YES;
				CLANG_ANALYZER_NUMBER_OBJECT_CONVERSION = YES_AGGRESSIVE;
				CLANG_CXX_LANGUAGE_STANDARD = "gnu++14";
				CLANG_CXX_LIBRARY = "libc++";
				CLANG_ENABLE_MODULES = YES;
				CLANG_ENABLE_OBJC_ARC = YES;
				CLANG_ENABLE_OBJC_WEAK = YES;
				CLANG_WARN_BLOCK_CAPTURE_AUTORELEASING = YES;
				CLANG_WARN_BOOL_CONVERSION = YES;
				CLANG_WARN_COMMA = YES;
				CLANG_WARN_CONSTANT_CONVERSION = YES;
				CLANG_WARN_DEPRECATED_OBJC_IMPLEMENTATIONS = YES;
				CLANG_WARN_DIRECT_OBJC_ISA_USAGE = YES_ERROR;
				CLANG_WARN_DOCUMENTATION_COMMENTS = YES;
				CLANG_WARN_EMPTY_BODY = YES;
				CLANG_WARN_ENUM_CONVERSION = YES;
				CLANG_WARN_INFINITE_RECURSION = YES;
				CLANG_WARN_INT_CONVERSION = YES;
				CLANG_WARN_NON_LITERAL_NULL_CONVERSION = YES;
				CLANG_WARN_OBJC_IMPLICIT_RETAIN_SELF = YES;
				CLANG_WARN_OBJC_LITERAL_CONVERSION = YES;
				CLANG_WARN_OBJC_ROOT_CLASS = YES_ERROR;
				CLANG_WARN_RANGE_LOOP_ANALYSIS = YES;
				CLANG_WARN_STRICT_PROTOTYPES = YES;
				CLANG_WARN_SUSPICIOUS_MOVE = YES;
				CLANG_WARN_UNGUARDED_AVAILABILITY = YES_AGGRESSIVE;
				CLANG_WARN_UNREACHABLE_CODE = YES;
				CLANG_WARN__DUPLICATE_METHOD_MATCH = YES;
				CODE_SIGN_IDENTITY = "iPhone Developer";
				COPY_PHASE_STRIP = NO;
				DEBUG_INFORMATION_FORMAT = dwarf;
				ENABLE_STRICT_OBJC_MSGSEND = YES;
				ENABLE_TESTABILITY = YES;
				GCC_C_LANGUAGE_STANDARD = gnu11;
				GCC_DYNAMIC_NO_PIC = NO;
				GCC_NO_COMMON_BLOCKS = YES;
				GCC_OPTIMIZATION_LEVEL = 0;
				GCC_PREPROCESSOR_DEFINITIONS = (
					"DEBUG=1",
					"$(inherited)",
				);
				GCC_WARN_64_TO_32_BIT_CONVERSION = YES;
				GCC_WARN_ABOUT_RETURN_TYPE = YES_ERROR;
				GCC_WARN_UNDECLARED_SELECTOR = YES;
				GCC_WARN_UNINITIALIZED_AUTOS = YES_AGGRESSIVE;
				GCC_WARN_UNUSED_FUNCTION = YES;
				GCC_WARN_UNUSED_VARIABLE = YES;
				IPHONEOS_DEPLOYMENT_TARGET = 11.4;
				MTL_ENABLE_DEBUG_INFO = YES;
				ONLY_ACTIVE_ARCH = YES;
				SDKROOT = iphoneos;
			};
			name = Debug;
		};
		22F9EBFE20FEAEAA002ADD9D /* Release */ = {
			isa = XCBuildConfiguration;
			buildSettings = {
				ALWAYS_SEARCH_USER_PATHS = NO;
				CLANG_ANALYZER_NONNULL = YES;
				CLANG_ANALYZER_NUMBER_OBJECT_CONVERSION = YES_AGGRESSIVE;
				CLANG_CXX_LANGUAGE_STANDARD = "gnu++14";
				CLANG_CXX_LIBRARY = "libc++";
				CLANG_ENABLE_MODULES = YES;
				CLANG_ENABLE_OBJC_ARC = YES;
				CLANG_ENABLE_OBJC_WEAK = YES;
				CLANG_WARN_BLOCK_CAPTURE_AUTORELEASING = YES;
				CLANG_WARN_BOOL_CONVERSION = YES;
				CLANG_WARN_COMMA = YES;
				CLANG_WARN_CONSTANT_CONVERSION = YES;
				CLANG_WARN_DEPRECATED_OBJC_IMPLEMENTATIONS = YES;
				CLANG_WARN_DIRECT_OBJC_ISA_USAGE = YES_ERROR;
				CLANG_WARN_DOCUMENTATION_COMMENTS = YES;
				CLANG_WARN_EMPTY_BODY = YES;
				CLANG_WARN_ENUM_CONVERSION = YES;
				CLANG_WARN_INFINITE_RECURSION = YES;
				CLANG_WARN_INT_CONVERSION = YES;
				CLANG_WARN_NON_LITERAL_NULL_CONVERSION = YES;
				CLANG_WARN_OBJC_IMPLICIT_RETAIN_SELF = YES;
				CLANG_WARN_OBJC_LITERAL_CONVERSION = YES;
				CLANG_WARN_OBJC_ROOT_CLASS = YES_ERROR;
				CLANG_WARN_RANGE_LOOP_ANALYSIS = YES;
				CLANG_WARN_STRICT_PROTOTYPES = YES;
				CLANG_WARN_SUSPICIOUS_MOVE = YES;
				CLANG_WARN_UNGUARDED_AVAILABILITY = YES_AGGRESSIVE;
				CLANG_WARN_UNREACHABLE_CODE = YES;
				CLANG_WARN__DUPLICATE_METHOD_MATCH = YES;
				CODE_SIGN_IDENTITY = "iPhone Developer";
				COPY_PHASE_STRIP = NO;
				DEBUG_INFORMATION_FORMAT = "dwarf-with-dsym";
				ENABLE_NS_ASSERTIONS = NO;
				ENABLE_STRICT_OBJC_MSGSEND = YES;
				GCC_C_LANGUAGE_STANDARD = gnu11;
				GCC_NO_COMMON_BLOCKS = YES;
				GCC_WARN_64_TO_32_BIT_CONVERSION = YES;
				GCC_WARN_ABOUT_RETURN_TYPE = YES_ERROR;
				GCC_WARN_UNDECLARED_SELECTOR = YES;
				GCC_WARN_UNINITIALIZED_AUTOS = YES_AGGRESSIVE;
				GCC_WARN_UNUSED_FUNCTION = YES;
				GCC_WARN_UNUSED_VARIABLE = YES;
				IPHONEOS_DEPLOYMENT_TARGET = 11.4;
				MTL_ENABLE_DEBUG_INFO = NO;
				SDKROOT = iphoneos;
				VALIDATE_PRODUCT = YES;
			};
			name = Release;
		};
		22F9EC0020FEAEAA002ADD9D /* Debug */ = {
			isa = XCBuildConfiguration;
			baseConfigurationReference = 5BD9EEAF9B309EA5FA4FF18F /* Pods-CMMApp.debug.xcconfig */;
			buildSettings = {
				ASSETCATALOG_COMPILER_APPICON_NAME = AppIcon;
				CODE_SIGN_STYLE = Automatic;
				DEVELOPMENT_TEAM = 96W3N7G5K2;
				INFOPLIST_FILE = CMMApp/Info.plist;
				LD_RUNPATH_SEARCH_PATHS = (
					"$(inherited)",
					"@executable_path/Frameworks",
				);
				PRODUCT_BUNDLE_IDENTIFIER = com.Keylonnm.CMMApp;
				PRODUCT_NAME = "$(TARGET_NAME)";
				TARGETED_DEVICE_FAMILY = "1,2";
			};
			name = Debug;
		};
		22F9EC0120FEAEAA002ADD9D /* Release */ = {
			isa = XCBuildConfiguration;
			baseConfigurationReference = 46E730F120A16D190FE4A6AE /* Pods-CMMApp.release.xcconfig */;
			buildSettings = {
				ASSETCATALOG_COMPILER_APPICON_NAME = AppIcon;
				CODE_SIGN_STYLE = Automatic;
				DEVELOPMENT_TEAM = 96W3N7G5K2;
				INFOPLIST_FILE = CMMApp/Info.plist;
				LD_RUNPATH_SEARCH_PATHS = (
					"$(inherited)",
					"@executable_path/Frameworks",
				);
				PRODUCT_BUNDLE_IDENTIFIER = com.Keylonnm.CMMApp;
				PRODUCT_NAME = "$(TARGET_NAME)";
				TARGETED_DEVICE_FAMILY = "1,2";
			};
			name = Release;
		};
/* End XCBuildConfiguration section */

/* Begin XCConfigurationList section */
		22F9EBE120FEAEA9002ADD9D /* Build configuration list for PBXProject "CMMApp" */ = {
			isa = XCConfigurationList;
			buildConfigurations = (
				22F9EBFD20FEAEAA002ADD9D /* Debug */,
				22F9EBFE20FEAEAA002ADD9D /* Release */,
			);
			defaultConfigurationIsVisible = 0;
			defaultConfigurationName = Release;
		};
		22F9EBFF20FEAEAA002ADD9D /* Build configuration list for PBXNativeTarget "CMMApp" */ = {
			isa = XCConfigurationList;
			buildConfigurations = (
				22F9EC0020FEAEAA002ADD9D /* Debug */,
				22F9EC0120FEAEAA002ADD9D /* Release */,
			);
			defaultConfigurationIsVisible = 0;
			defaultConfigurationName = Release;
		};
/* End XCConfigurationList section */

/* Begin XCVersionGroup section */
		22F9EBF220FEAEA9002ADD9D /* CMMApp.xcdatamodeld */ = {
			isa = XCVersionGroup;
			children = (
				22F9EBF320FEAEA9002ADD9D /* CMMApp.xcdatamodel */,
			);
			currentVersion = 22F9EBF320FEAEA9002ADD9D /* CMMApp.xcdatamodel */;
			path = CMMApp.xcdatamodeld;
			sourceTree = "<group>";
			versionGroupType = wrapper.xcdatamodel;
		};
/* End XCVersionGroup section */
	};
	rootObject = 22F9EBDE20FEAEA9002ADD9D /* Project object */;
}
